// !$*UTF8*$!
{
	archiveVersion = 1;
	classes = {
	};
	objectVersion = 55;
	objects = {

/* Begin PBXBuildFile section */
		69120C3927883AFE005A7420 /* Topic_MVVMC.swift in Sources */ = {isa = PBXBuildFile; fileRef = 69120C3827883AFE005A7420 /* Topic_MVVMC.swift */; };
		69120C3F27884091005A7420 /* MVVM_Base.swift in Sources */ = {isa = PBXBuildFile; fileRef = 69120C3E27884091005A7420 /* MVVM_Base.swift */; };
		69120C41278840C1005A7420 /* MVVM_ScreenA.swift in Sources */ = {isa = PBXBuildFile; fileRef = 69120C40278840C1005A7420 /* MVVM_ScreenA.swift */; };
		69120C43278844AE005A7420 /* MVVM_ScreenB.swift in Sources */ = {isa = PBXBuildFile; fileRef = 69120C42278844AE005A7420 /* MVVM_ScreenB.swift */; };
		69120C45278845EF005A7420 /* Topic_Architecture.swift in Sources */ = {isa = PBXBuildFile; fileRef = 69120C44278845EF005A7420 /* Topic_Architecture.swift */; };
		69120C5027884AB2005A7420 /* Topic_Test.swift in Sources */ = {isa = PBXBuildFile; fileRef = 69120C4F27884AB2005A7420 /* Topic_Test.swift */; };
		69120C5227884B03005A7420 /* Topic_UnitTest.swift in Sources */ = {isa = PBXBuildFile; fileRef = 69120C5127884B03005A7420 /* Topic_UnitTest.swift */; };
		69120C5427884B45005A7420 /* Topic_UITest.swift in Sources */ = {isa = PBXBuildFile; fileRef = 69120C5327884B45005A7420 /* Topic_UITest.swift */; };
		69120C5627884B82005A7420 /* Topic_React.swift in Sources */ = {isa = PBXBuildFile; fileRef = 69120C5527884B82005A7420 /* Topic_React.swift */; };
		69120C59278854FD005A7420 /* URLOpener.swift in Sources */ = {isa = PBXBuildFile; fileRef = 69120C58278854FD005A7420 /* URLOpener.swift */; };
		69120C5E2788582C005A7420 /* URLOpenerTests.swift in Sources */ = {isa = PBXBuildFile; fileRef = 69120C5D2788582C005A7420 /* URLOpenerTests.swift */; };
		69120C6027886C70005A7420 /* SimpleReact.swift in Sources */ = {isa = PBXBuildFile; fileRef = 69120C5F27886C70005A7420 /* SimpleReact.swift */; };
		698731E727858C9000408F0F /* AppDelegate.swift in Sources */ = {isa = PBXBuildFile; fileRef = 698731E627858C9000408F0F /* AppDelegate.swift */; };
		698731F027858C9400408F0F /* Assets.xcassets in Resources */ = {isa = PBXBuildFile; fileRef = 698731EF27858C9400408F0F /* Assets.xcassets */; };
		698731FE27858C9500408F0F /* IOSSwiftBestPracticeTests.swift in Sources */ = {isa = PBXBuildFile; fileRef = 698731FD27858C9500408F0F /* IOSSwiftBestPracticeTests.swift */; };
		6987320827858C9500408F0F /* IOSSwiftBestPracticeUITests.swift in Sources */ = {isa = PBXBuildFile; fileRef = 6987320727858C9500408F0F /* IOSSwiftBestPracticeUITests.swift */; };
		6987320A27858C9500408F0F /* IOSSwiftBestPracticeUITestsLaunchTests.swift in Sources */ = {isa = PBXBuildFile; fileRef = 6987320927858C9500408F0F /* IOSSwiftBestPracticeUITestsLaunchTests.swift */; };
		6987321D278592D900408F0F /* Topic_MultiThreading.swift in Sources */ = {isa = PBXBuildFile; fileRef = 6987321C278592D900408F0F /* Topic_MultiThreading.swift */; };
		6987321F27859AA900408F0F /* TopicProtocol.swift in Sources */ = {isa = PBXBuildFile; fileRef = 6987321E27859AA900408F0F /* TopicProtocol.swift */; };
		6987325C2785C8AC00408F0F /* Job.swift in Sources */ = {isa = PBXBuildFile; fileRef = 6987325B2785C8AC00408F0F /* Job.swift */; };
		6987325F2785C8D800408F0F /* Queues.swift in Sources */ = {isa = PBXBuildFile; fileRef = 6987325E2785C8D800408F0F /* Queues.swift */; };
		698732612785C8F100408F0F /* Semaphore.swift in Sources */ = {isa = PBXBuildFile; fileRef = 698732602785C8F100408F0F /* Semaphore.swift */; };
		698732632785C92500408F0F /* AsyncSerialQueue.swift in Sources */ = {isa = PBXBuildFile; fileRef = 698732622785C92500408F0F /* AsyncSerialQueue.swift */; };
		698732652785C94100408F0F /* RecursiveSerialJobs.swift in Sources */ = {isa = PBXBuildFile; fileRef = 698732642785C94100408F0F /* RecursiveSerialJobs.swift */; };
		698732672785C95C00408F0F /* LimitedConcurrentJobs.swift in Sources */ = {isa = PBXBuildFile; fileRef = 698732662785C95C00408F0F /* LimitedConcurrentJobs.swift */; };
		698732692785EB8600408F0F /* IdentityMap.swift in Sources */ = {isa = PBXBuildFile; fileRef = 698732682785EB8600408F0F /* IdentityMap.swift */; };
		6987326D2786E20000408F0F /* README.md in Resources */ = {isa = PBXBuildFile; fileRef = 6987326C2786E20000408F0F /* README.md */; };
		6987326F2786E21300408F0F /* Topic_Swift.swift in Sources */ = {isa = PBXBuildFile; fileRef = 6987326E2786E21300408F0F /* Topic_Swift.swift */; };
/* End PBXBuildFile section */

/* Begin PBXContainerItemProxy section */
		698731FA27858C9500408F0F /* PBXContainerItemProxy */ = {
			isa = PBXContainerItemProxy;
			containerPortal = 698731DB27858C9000408F0F /* Project object */;
			proxyType = 1;
			remoteGlobalIDString = 698731E227858C9000408F0F;
			remoteInfo = IOSSwiftBestPractice;
		};
		6987320427858C9500408F0F /* PBXContainerItemProxy */ = {
			isa = PBXContainerItemProxy;
			containerPortal = 698731DB27858C9000408F0F /* Project object */;
			proxyType = 1;
			remoteGlobalIDString = 698731E227858C9000408F0F;
			remoteInfo = IOSSwiftBestPractice;
		};
/* End PBXContainerItemProxy section */

/* Begin PBXFileReference section */
		69120C3627883AC0005A7420 /* README.md */ = {isa = PBXFileReference; lastKnownFileType = net.daringfireball.markdown; path = README.md; sourceTree = "<group>"; };
		69120C3827883AFE005A7420 /* Topic_MVVMC.swift */ = {isa = PBXFileReference; lastKnownFileType = sourcecode.swift; path = Topic_MVVMC.swift; sourceTree = "<group>"; };
		69120C3E27884091005A7420 /* MVVM_Base.swift */ = {isa = PBXFileReference; lastKnownFileType = sourcecode.swift; path = MVVM_Base.swift; sourceTree = "<group>"; };
		69120C40278840C1005A7420 /* MVVM_ScreenA.swift */ = {isa = PBXFileReference; lastKnownFileType = sourcecode.swift; path = MVVM_ScreenA.swift; sourceTree = "<group>"; };
		69120C42278844AE005A7420 /* MVVM_ScreenB.swift */ = {isa = PBXFileReference; lastKnownFileType = sourcecode.swift; path = MVVM_ScreenB.swift; sourceTree = "<group>"; };
		69120C44278845EF005A7420 /* Topic_Architecture.swift */ = {isa = PBXFileReference; lastKnownFileType = sourcecode.swift; path = Topic_Architecture.swift; sourceTree = "<group>"; };
		69120C49278847E5005A7420 /* README.md */ = {isa = PBXFileReference; lastKnownFileType = net.daringfireball.markdown; path = README.md; sourceTree = "<group>"; };
		69120C4A27884938005A7420 /* README.md */ = {isa = PBXFileReference; lastKnownFileType = net.daringfireball.markdown; path = README.md; sourceTree = "<group>"; };
		69120C4B2788497E005A7420 /* README.md */ = {isa = PBXFileReference; lastKnownFileType = net.daringfireball.markdown; path = README.md; sourceTree = "<group>"; };
		69120C4C278849B0005A7420 /* README.md */ = {isa = PBXFileReference; lastKnownFileType = net.daringfireball.markdown; path = README.md; sourceTree = "<group>"; };
		69120C4E27884A1B005A7420 /* README.md */ = {isa = PBXFileReference; lastKnownFileType = net.daringfireball.markdown; path = README.md; sourceTree = "<group>"; };
		69120C4F27884AB2005A7420 /* Topic_Test.swift */ = {isa = PBXFileReference; lastKnownFileType = sourcecode.swift; path = Topic_Test.swift; sourceTree = "<group>"; };
		69120C5127884B03005A7420 /* Topic_UnitTest.swift */ = {isa = PBXFileReference; lastKnownFileType = sourcecode.swift; path = Topic_UnitTest.swift; sourceTree = "<group>"; };
		69120C5327884B45005A7420 /* Topic_UITest.swift */ = {isa = PBXFileReference; lastKnownFileType = sourcecode.swift; path = Topic_UITest.swift; sourceTree = "<group>"; };
		69120C5527884B82005A7420 /* Topic_React.swift */ = {isa = PBXFileReference; lastKnownFileType = sourcecode.swift; path = Topic_React.swift; sourceTree = "<group>"; };
		69120C58278854FD005A7420 /* URLOpener.swift */ = {isa = PBXFileReference; lastKnownFileType = sourcecode.swift; path = URLOpener.swift; sourceTree = "<group>"; };
		69120C5D2788582C005A7420 /* URLOpenerTests.swift */ = {isa = PBXFileReference; lastKnownFileType = sourcecode.swift; path = URLOpenerTests.swift; sourceTree = "<group>"; };
		69120C5F27886C70005A7420 /* SimpleReact.swift */ = {isa = PBXFileReference; lastKnownFileType = sourcecode.swift; path = SimpleReact.swift; sourceTree = "<group>"; };
		69120C652789826E005A7420 /* ConcurrentQueue.png */ = {isa = PBXFileReference; lastKnownFileType = image.png; path = ConcurrentQueue.png; sourceTree = "<group>"; };
		69120C662789826E005A7420 /* SerialQueue.png */ = {isa = PBXFileReference; lastKnownFileType = image.png; path = SerialQueue.png; sourceTree = "<group>"; };
		698731E327858C9000408F0F /* IOSSwiftBestPractice.app */ = {isa = PBXFileReference; explicitFileType = wrapper.application; includeInIndex = 0; path = IOSSwiftBestPractice.app; sourceTree = BUILT_PRODUCTS_DIR; };
		698731E627858C9000408F0F /* AppDelegate.swift */ = {isa = PBXFileReference; lastKnownFileType = sourcecode.swift; path = AppDelegate.swift; sourceTree = "<group>"; };
		698731EF27858C9400408F0F /* Assets.xcassets */ = {isa = PBXFileReference; lastKnownFileType = folder.assetcatalog; path = Assets.xcassets; sourceTree = "<group>"; };
		698731F427858C9400408F0F /* Info.plist */ = {isa = PBXFileReference; lastKnownFileType = text.plist.xml; path = Info.plist; sourceTree = "<group>"; };
		698731F927858C9500408F0F /* IOSSwiftBestPracticeTests.xctest */ = {isa = PBXFileReference; explicitFileType = wrapper.cfbundle; includeInIndex = 0; path = IOSSwiftBestPracticeTests.xctest; sourceTree = BUILT_PRODUCTS_DIR; };
		698731FD27858C9500408F0F /* IOSSwiftBestPracticeTests.swift */ = {isa = PBXFileReference; lastKnownFileType = sourcecode.swift; path = IOSSwiftBestPracticeTests.swift; sourceTree = "<group>"; };
		6987320327858C9500408F0F /* IOSSwiftBestPracticeUITests.xctest */ = {isa = PBXFileReference; explicitFileType = wrapper.cfbundle; includeInIndex = 0; path = IOSSwiftBestPracticeUITests.xctest; sourceTree = BUILT_PRODUCTS_DIR; };
		6987320727858C9500408F0F /* IOSSwiftBestPracticeUITests.swift */ = {isa = PBXFileReference; lastKnownFileType = sourcecode.swift; path = IOSSwiftBestPracticeUITests.swift; sourceTree = "<group>"; };
		6987320927858C9500408F0F /* IOSSwiftBestPracticeUITestsLaunchTests.swift */ = {isa = PBXFileReference; lastKnownFileType = sourcecode.swift; path = IOSSwiftBestPracticeUITestsLaunchTests.swift; sourceTree = "<group>"; };
		6987321727858ECB00408F0F /* README.md */ = {isa = PBXFileReference; lastKnownFileType = net.daringfireball.markdown; path = README.md; sourceTree = "<group>"; };
		6987321C278592D900408F0F /* Topic_MultiThreading.swift */ = {isa = PBXFileReference; lastKnownFileType = sourcecode.swift; path = Topic_MultiThreading.swift; sourceTree = "<group>"; };
		6987321E27859AA900408F0F /* TopicProtocol.swift */ = {isa = PBXFileReference; lastKnownFileType = sourcecode.swift; path = TopicProtocol.swift; sourceTree = "<group>"; };
		6987325B2785C8AC00408F0F /* Job.swift */ = {isa = PBXFileReference; lastKnownFileType = sourcecode.swift; path = Job.swift; sourceTree = "<group>"; };
		6987325E2785C8D800408F0F /* Queues.swift */ = {isa = PBXFileReference; lastKnownFileType = sourcecode.swift; path = Queues.swift; sourceTree = "<group>"; };
		698732602785C8F100408F0F /* Semaphore.swift */ = {isa = PBXFileReference; lastKnownFileType = sourcecode.swift; path = Semaphore.swift; sourceTree = "<group>"; };
		698732622785C92500408F0F /* AsyncSerialQueue.swift */ = {isa = PBXFileReference; lastKnownFileType = sourcecode.swift; path = AsyncSerialQueue.swift; sourceTree = "<group>"; };
		698732642785C94100408F0F /* RecursiveSerialJobs.swift */ = {isa = PBXFileReference; lastKnownFileType = sourcecode.swift; path = RecursiveSerialJobs.swift; sourceTree = "<group>"; };
		698732662785C95C00408F0F /* LimitedConcurrentJobs.swift */ = {isa = PBXFileReference; lastKnownFileType = sourcecode.swift; path = LimitedConcurrentJobs.swift; sourceTree = "<group>"; };
		698732682785EB8600408F0F /* IdentityMap.swift */ = {isa = PBXFileReference; lastKnownFileType = sourcecode.swift; path = IdentityMap.swift; sourceTree = "<group>"; };
		6987326A2786E14B00408F0F /* README.md */ = {isa = PBXFileReference; lastKnownFileType = net.daringfireball.markdown; path = README.md; sourceTree = SOURCE_ROOT; };
		6987326C2786E20000408F0F /* README.md */ = {isa = PBXFileReference; lastKnownFileType = net.daringfireball.markdown; path = README.md; sourceTree = "<group>"; };
		6987326E2786E21300408F0F /* Topic_Swift.swift */ = {isa = PBXFileReference; lastKnownFileType = sourcecode.swift; path = Topic_Swift.swift; sourceTree = "<group>"; };
/* End PBXFileReference section */

/* Begin PBXFrameworksBuildPhase section */
		698731E027858C9000408F0F /* Frameworks */ = {
			isa = PBXFrameworksBuildPhase;
			buildActionMask = 2147483647;
			files = (
			);
			runOnlyForDeploymentPostprocessing = 0;
		};
		698731F627858C9500408F0F /* Frameworks */ = {
			isa = PBXFrameworksBuildPhase;
			buildActionMask = 2147483647;
			files = (
			);
			runOnlyForDeploymentPostprocessing = 0;
		};
		6987320027858C9500408F0F /* Frameworks */ = {
			isa = PBXFrameworksBuildPhase;
			buildActionMask = 2147483647;
			files = (
			);
			runOnlyForDeploymentPostprocessing = 0;
		};
/* End PBXFrameworksBuildPhase section */

/* Begin PBXGroup section */
		69120C3427883A94005A7420 /* Architecture */ = {
			isa = PBXGroup;
			children = (
				69120C49278847E5005A7420 /* README.md */,
				69120C44278845EF005A7420 /* Topic_Architecture.swift */,
				69120C3527883A9E005A7420 /* MVVM-C */,
			);
			path = Architecture;
			sourceTree = "<group>";
		};
		69120C3527883A9E005A7420 /* MVVM-C */ = {
			isa = PBXGroup;
			children = (
				69120C3627883AC0005A7420 /* README.md */,
				69120C3827883AFE005A7420 /* Topic_MVVMC.swift */,
				69120C3A27883EB1005A7420 /* Data */,
			);
			path = "MVVM-C";
			sourceTree = "<group>";
		};
		69120C3A27883EB1005A7420 /* Data */ = {
			isa = PBXGroup;
			children = (
				69120C3D27884075005A7420 /* MVVM-Inheritance */,
			);
			path = Data;
			sourceTree = "<group>";
		};
		69120C3D27884075005A7420 /* MVVM-Inheritance */ = {
			isa = PBXGroup;
			children = (
				69120C3E27884091005A7420 /* MVVM_Base.swift */,
				69120C40278840C1005A7420 /* MVVM_ScreenA.swift */,
				69120C42278844AE005A7420 /* MVVM_ScreenB.swift */,
			);
			path = "MVVM-Inheritance";
			sourceTree = "<group>";
		};
		69120C4627884756005A7420 /* Test */ = {
			isa = PBXGroup;
			children = (
				69120C4A27884938005A7420 /* README.md */,
				69120C4F27884AB2005A7420 /* Topic_Test.swift */,
				69120C4827884777005A7420 /* UI-Test */,
				69120C4727884761005A7420 /* Unit-Test */,
			);
			path = Test;
			sourceTree = "<group>";
		};
		69120C4727884761005A7420 /* Unit-Test */ = {
			isa = PBXGroup;
			children = (
				69120C4B2788497E005A7420 /* README.md */,
				69120C5127884B03005A7420 /* Topic_UnitTest.swift */,
				69120C57278854E4005A7420 /* Data */,
			);
			path = "Unit-Test";
			sourceTree = "<group>";
		};
		69120C4827884777005A7420 /* UI-Test */ = {
			isa = PBXGroup;
			children = (
				69120C4C278849B0005A7420 /* README.md */,
				69120C5327884B45005A7420 /* Topic_UITest.swift */,
			);
			path = "UI-Test";
			sourceTree = "<group>";
		};
		69120C4D278849DC005A7420 /* React */ = {
			isa = PBXGroup;
			children = (
				69120C4E27884A1B005A7420 /* README.md */,
				69120C5527884B82005A7420 /* Topic_React.swift */,
				69120C5F27886C70005A7420 /* SimpleReact.swift */,
			);
			path = React;
			sourceTree = "<group>";
		};
		69120C57278854E4005A7420 /* Data */ = {
			isa = PBXGroup;
			children = (
				69120C58278854FD005A7420 /* URLOpener.swift */,
			);
			path = Data;
			sourceTree = "<group>";
		};
		698731DA27858C9000408F0F = {
			isa = PBXGroup;
			children = (
				698731E527858C9000408F0F /* IOSSwiftBestPractice */,
				698731FC27858C9500408F0F /* IOSSwiftBestPracticeTests */,
				6987320627858C9500408F0F /* IOSSwiftBestPracticeUITests */,
				698731E427858C9000408F0F /* Products */,
			);
			sourceTree = "<group>";
		};
		698731E427858C9000408F0F /* Products */ = {
			isa = PBXGroup;
			children = (
				698731E327858C9000408F0F /* IOSSwiftBestPractice.app */,
				698731F927858C9500408F0F /* IOSSwiftBestPracticeTests.xctest */,
				6987320327858C9500408F0F /* IOSSwiftBestPracticeUITests.xctest */,
			);
			name = Products;
			sourceTree = "<group>";
		};
		698731E527858C9000408F0F /* IOSSwiftBestPractice */ = {
			isa = PBXGroup;
			children = (
				6987326A2786E14B00408F0F /* README.md */,
				69120C4D278849DC005A7420 /* React */,
				69120C4627884756005A7420 /* Test */,
				69120C3427883A94005A7420 /* Architecture */,
				6987326B2786E1E600408F0F /* Swift */,
				6987321627858DC600408F0F /* MultiThreading */,
				6987321E27859AA900408F0F /* TopicProtocol.swift */,
				698731E627858C9000408F0F /* AppDelegate.swift */,
				698731EF27858C9400408F0F /* Assets.xcassets */,
				698731F427858C9400408F0F /* Info.plist */,
			);
			path = IOSSwiftBestPractice;
			sourceTree = "<group>";
		};
		698731FC27858C9500408F0F /* IOSSwiftBestPracticeTests */ = {
			isa = PBXGroup;
			children = (
				698731FD27858C9500408F0F /* IOSSwiftBestPracticeTests.swift */,
				69120C5D2788582C005A7420 /* URLOpenerTests.swift */,
			);
			path = IOSSwiftBestPracticeTests;
			sourceTree = "<group>";
		};
		6987320627858C9500408F0F /* IOSSwiftBestPracticeUITests */ = {
			isa = PBXGroup;
			children = (
				6987320727858C9500408F0F /* IOSSwiftBestPracticeUITests.swift */,
				6987320927858C9500408F0F /* IOSSwiftBestPracticeUITestsLaunchTests.swift */,
			);
			path = IOSSwiftBestPracticeUITests;
			sourceTree = "<group>";
		};
		6987321627858DC600408F0F /* MultiThreading */ = {
			isa = PBXGroup;
			children = (
				69120C652789826E005A7420 /* ConcurrentQueue.png */,
				69120C662789826E005A7420 /* SerialQueue.png */,
				6987321727858ECB00408F0F /* README.md */,
				6987321C278592D900408F0F /* Topic_MultiThreading.swift */,
				6987325A2785C89F00408F0F /* Data */,
			);
			path = MultiThreading;
			sourceTree = "<group>";
		};
		6987325A2785C89F00408F0F /* Data */ = {
			isa = PBXGroup;
			children = (
				6987325B2785C8AC00408F0F /* Job.swift */,
				6987325E2785C8D800408F0F /* Queues.swift */,
				698732602785C8F100408F0F /* Semaphore.swift */,
				698732622785C92500408F0F /* AsyncSerialQueue.swift */,
				698732642785C94100408F0F /* RecursiveSerialJobs.swift */,
				698732662785C95C00408F0F /* LimitedConcurrentJobs.swift */,
				698732682785EB8600408F0F /* IdentityMap.swift */,
			);
			path = Data;
			sourceTree = "<group>";
		};
		6987326B2786E1E600408F0F /* Swift */ = {
			isa = PBXGroup;
			children = (
				6987326C2786E20000408F0F /* README.md */,
				6987326E2786E21300408F0F /* Topic_Swift.swift */,
			);
			path = Swift;
			sourceTree = "<group>";
		};
/* End PBXGroup section */

/* Begin PBXNativeTarget section */
		698731E227858C9000408F0F /* IOSSwiftBestPractice */ = {
			isa = PBXNativeTarget;
			buildConfigurationList = 6987320D27858C9500408F0F /* Build configuration list for PBXNativeTarget "IOSSwiftBestPractice" */;
			buildPhases = (
				698731DF27858C9000408F0F /* Sources */,
				698731E027858C9000408F0F /* Frameworks */,
				698731E127858C9000408F0F /* Resources */,
			);
			buildRules = (
			);
			dependencies = (
			);
			name = IOSSwiftBestPractice;
			productName = IOSSwiftBestPractice;
			productReference = 698731E327858C9000408F0F /* IOSSwiftBestPractice.app */;
			productType = "com.apple.product-type.application";
		};
		698731F827858C9500408F0F /* IOSSwiftBestPracticeTests */ = {
			isa = PBXNativeTarget;
			buildConfigurationList = 6987321027858C9500408F0F /* Build configuration list for PBXNativeTarget "IOSSwiftBestPracticeTests" */;
			buildPhases = (
				698731F527858C9500408F0F /* Sources */,
				698731F627858C9500408F0F /* Frameworks */,
				698731F727858C9500408F0F /* Resources */,
			);
			buildRules = (
			);
			dependencies = (
				698731FB27858C9500408F0F /* PBXTargetDependency */,
			);
			name = IOSSwiftBestPracticeTests;
			productName = IOSSwiftBestPracticeTests;
			productReference = 698731F927858C9500408F0F /* IOSSwiftBestPracticeTests.xctest */;
			productType = "com.apple.product-type.bundle.unit-test";
		};
		6987320227858C9500408F0F /* IOSSwiftBestPracticeUITests */ = {
			isa = PBXNativeTarget;
			buildConfigurationList = 6987321327858C9500408F0F /* Build configuration list for PBXNativeTarget "IOSSwiftBestPracticeUITests" */;
			buildPhases = (
				698731FF27858C9500408F0F /* Sources */,
				6987320027858C9500408F0F /* Frameworks */,
				6987320127858C9500408F0F /* Resources */,
			);
			buildRules = (
			);
			dependencies = (
				6987320527858C9500408F0F /* PBXTargetDependency */,
			);
			name = IOSSwiftBestPracticeUITests;
			productName = IOSSwiftBestPracticeUITests;
			productReference = 6987320327858C9500408F0F /* IOSSwiftBestPracticeUITests.xctest */;
			productType = "com.apple.product-type.bundle.ui-testing";
		};
/* End PBXNativeTarget section */

/* Begin PBXProject section */
		698731DB27858C9000408F0F /* Project object */ = {
			isa = PBXProject;
			attributes = {
				BuildIndependentTargetsInParallel = 1;
				LastSwiftUpdateCheck = 1320;
				LastUpgradeCheck = 1320;
				TargetAttributes = {
					698731E227858C9000408F0F = {
						CreatedOnToolsVersion = 13.2.1;
					};
					698731F827858C9500408F0F = {
						CreatedOnToolsVersion = 13.2.1;
						TestTargetID = 698731E227858C9000408F0F;
					};
					6987320227858C9500408F0F = {
						CreatedOnToolsVersion = 13.2.1;
						TestTargetID = 698731E227858C9000408F0F;
					};
				};
			};
			buildConfigurationList = 698731DE27858C9000408F0F /* Build configuration list for PBXProject "IOSSwiftBestPractice" */;
			compatibilityVersion = "Xcode 13.0";
			developmentRegion = en;
			hasScannedForEncodings = 0;
			knownRegions = (
				en,
				Base,
			);
			mainGroup = 698731DA27858C9000408F0F;
			productRefGroup = 698731E427858C9000408F0F /* Products */;
			projectDirPath = "";
			projectRoot = "";
			targets = (
				698731E227858C9000408F0F /* IOSSwiftBestPractice */,
				698731F827858C9500408F0F /* IOSSwiftBestPracticeTests */,
				6987320227858C9500408F0F /* IOSSwiftBestPracticeUITests */,
			);
		};
/* End PBXProject section */

/* Begin PBXResourcesBuildPhase section */
		698731E127858C9000408F0F /* Resources */ = {
			isa = PBXResourcesBuildPhase;
			buildActionMask = 2147483647;
			files = (
				6987326D2786E20000408F0F /* README.md in Resources */,
				698731F027858C9400408F0F /* Assets.xcassets in Resources */,
			);
			runOnlyForDeploymentPostprocessing = 0;
		};
		698731F727858C9500408F0F /* Resources */ = {
			isa = PBXResourcesBuildPhase;
			buildActionMask = 2147483647;
			files = (
			);
			runOnlyForDeploymentPostprocessing = 0;
		};
		6987320127858C9500408F0F /* Resources */ = {
			isa = PBXResourcesBuildPhase;
			buildActionMask = 2147483647;
			files = (
			);
			runOnlyForDeploymentPostprocessing = 0;
		};
/* End PBXResourcesBuildPhase section */

/* Begin PBXSourcesBuildPhase section */
		698731DF27858C9000408F0F /* Sources */ = {
			isa = PBXSourcesBuildPhase;
			buildActionMask = 2147483647;
			files = (
				69120C43278844AE005A7420 /* MVVM_ScreenB.swift in Sources */,
				69120C5627884B82005A7420 /* Topic_React.swift in Sources */,
				6987321D278592D900408F0F /* Topic_MultiThreading.swift in Sources */,
				69120C41278840C1005A7420 /* MVVM_ScreenA.swift in Sources */,
				6987325F2785C8D800408F0F /* Queues.swift in Sources */,
				69120C6027886C70005A7420 /* SimpleReact.swift in Sources */,
				69120C45278845EF005A7420 /* Topic_Architecture.swift in Sources */,
				698732692785EB8600408F0F /* IdentityMap.swift in Sources */,
				69120C3927883AFE005A7420 /* Topic_MVVMC.swift in Sources */,
				698731E727858C9000408F0F /* AppDelegate.swift in Sources */,
				698732632785C92500408F0F /* AsyncSerialQueue.swift in Sources */,
				69120C5227884B03005A7420 /* Topic_UnitTest.swift in Sources */,
				69120C3F27884091005A7420 /* MVVM_Base.swift in Sources */,
				69120C5427884B45005A7420 /* Topic_UITest.swift in Sources */,
				69120C59278854FD005A7420 /* URLOpener.swift in Sources */,
				698732652785C94100408F0F /* RecursiveSerialJobs.swift in Sources */,
				69120C5027884AB2005A7420 /* Topic_Test.swift in Sources */,
				6987321F27859AA900408F0F /* TopicProtocol.swift in Sources */,
				698732612785C8F100408F0F /* Semaphore.swift in Sources */,
				6987326F2786E21300408F0F /* Topic_Swift.swift in Sources */,
				6987325C2785C8AC00408F0F /* Job.swift in Sources */,
				698732672785C95C00408F0F /* LimitedConcurrentJobs.swift in Sources */,
			);
			runOnlyForDeploymentPostprocessing = 0;
		};
		698731F527858C9500408F0F /* Sources */ = {
			isa = PBXSourcesBuildPhase;
			buildActionMask = 2147483647;
			files = (
				69120C5E2788582C005A7420 /* URLOpenerTests.swift in Sources */,
				698731FE27858C9500408F0F /* IOSSwiftBestPracticeTests.swift in Sources */,
			);
			runOnlyForDeploymentPostprocessing = 0;
		};
		698731FF27858C9500408F0F /* Sources */ = {
			isa = PBXSourcesBuildPhase;
			buildActionMask = 2147483647;
			files = (
				6987320827858C9500408F0F /* IOSSwiftBestPracticeUITests.swift in Sources */,
				6987320A27858C9500408F0F /* IOSSwiftBestPracticeUITestsLaunchTests.swift in Sources */,
			);
			runOnlyForDeploymentPostprocessing = 0;
		};
/* End PBXSourcesBuildPhase section */

/* Begin PBXTargetDependency section */
		698731FB27858C9500408F0F /* PBXTargetDependency */ = {
			isa = PBXTargetDependency;
			target = 698731E227858C9000408F0F /* IOSSwiftBestPractice */;
			targetProxy = 698731FA27858C9500408F0F /* PBXContainerItemProxy */;
		};
		6987320527858C9500408F0F /* PBXTargetDependency */ = {
			isa = PBXTargetDependency;
			target = 698731E227858C9000408F0F /* IOSSwiftBestPractice */;
			targetProxy = 6987320427858C9500408F0F /* PBXContainerItemProxy */;
		};
/* End PBXTargetDependency section */

/* Begin XCBuildConfiguration section */
		6987320B27858C9500408F0F /* Debug */ = {
			isa = XCBuildConfiguration;
			buildSettings = {
				ALWAYS_SEARCH_USER_PATHS = NO;
				CLANG_ANALYZER_NONNULL = YES;
				CLANG_ANALYZER_NUMBER_OBJECT_CONVERSION = YES_AGGRESSIVE;
				CLANG_CXX_LANGUAGE_STANDARD = "gnu++17";
				CLANG_CXX_LIBRARY = "libc++";
				CLANG_ENABLE_MODULES = YES;
				CLANG_ENABLE_OBJC_ARC = YES;
				CLANG_ENABLE_OBJC_WEAK = YES;
				CLANG_WARN_BLOCK_CAPTURE_AUTORELEASING = YES;
				CLANG_WARN_BOOL_CONVERSION = YES;
				CLANG_WARN_COMMA = YES;
				CLANG_WARN_CONSTANT_CONVERSION = YES;
				CLANG_WARN_DEPRECATED_OBJC_IMPLEMENTATIONS = YES;
				CLANG_WARN_DIRECT_OBJC_ISA_USAGE = YES_ERROR;
				CLANG_WARN_DOCUMENTATION_COMMENTS = YES;
				CLANG_WARN_EMPTY_BODY = YES;
				CLANG_WARN_ENUM_CONVERSION = YES;
				CLANG_WARN_INFINITE_RECURSION = YES;
				CLANG_WARN_INT_CONVERSION = YES;
				CLANG_WARN_NON_LITERAL_NULL_CONVERSION = YES;
				CLANG_WARN_OBJC_IMPLICIT_RETAIN_SELF = YES;
				CLANG_WARN_OBJC_LITERAL_CONVERSION = YES;
				CLANG_WARN_OBJC_ROOT_CLASS = YES_ERROR;
				CLANG_WARN_QUOTED_INCLUDE_IN_FRAMEWORK_HEADER = YES;
				CLANG_WARN_RANGE_LOOP_ANALYSIS = YES;
				CLANG_WARN_STRICT_PROTOTYPES = YES;
				CLANG_WARN_SUSPICIOUS_MOVE = YES;
				CLANG_WARN_UNGUARDED_AVAILABILITY = YES_AGGRESSIVE;
				CLANG_WARN_UNREACHABLE_CODE = YES;
				CLANG_WARN__DUPLICATE_METHOD_MATCH = YES;
				COPY_PHASE_STRIP = NO;
				DEBUG_INFORMATION_FORMAT = dwarf;
				ENABLE_STRICT_OBJC_MSGSEND = YES;
				ENABLE_TESTABILITY = YES;
				GCC_C_LANGUAGE_STANDARD = gnu11;
				GCC_DYNAMIC_NO_PIC = NO;
				GCC_NO_COMMON_BLOCKS = YES;
				GCC_OPTIMIZATION_LEVEL = 0;
				GCC_PREPROCESSOR_DEFINITIONS = (
					"DEBUG=1",
					"$(inherited)",
				);
				GCC_WARN_64_TO_32_BIT_CONVERSION = YES;
				GCC_WARN_ABOUT_RETURN_TYPE = YES_ERROR;
				GCC_WARN_UNDECLARED_SELECTOR = YES;
				GCC_WARN_UNINITIALIZED_AUTOS = YES_AGGRESSIVE;
				GCC_WARN_UNUSED_FUNCTION = YES;
				GCC_WARN_UNUSED_VARIABLE = YES;
				IPHONEOS_DEPLOYMENT_TARGET = 15.2;
				MTL_ENABLE_DEBUG_INFO = INCLUDE_SOURCE;
				MTL_FAST_MATH = YES;
				ONLY_ACTIVE_ARCH = YES;
				SDKROOT = iphoneos;
				SWIFT_ACTIVE_COMPILATION_CONDITIONS = DEBUG;
				SWIFT_OPTIMIZATION_LEVEL = "-Onone";
			};
			name = Debug;
		};
		6987320C27858C9500408F0F /* Release */ = {
			isa = XCBuildConfiguration;
			buildSettings = {
				ALWAYS_SEARCH_USER_PATHS = NO;
				CLANG_ANALYZER_NONNULL = YES;
				CLANG_ANALYZER_NUMBER_OBJECT_CONVERSION = YES_AGGRESSIVE;
				CLANG_CXX_LANGUAGE_STANDARD = "gnu++17";
				CLANG_CXX_LIBRARY = "libc++";
				CLANG_ENABLE_MODULES = YES;
				CLANG_ENABLE_OBJC_ARC = YES;
				CLANG_ENABLE_OBJC_WEAK = YES;
				CLANG_WARN_BLOCK_CAPTURE_AUTORELEASING = YES;
				CLANG_WARN_BOOL_CONVERSION = YES;
				CLANG_WARN_COMMA = YES;
				CLANG_WARN_CONSTANT_CONVERSION = YES;
				CLANG_WARN_DEPRECATED_OBJC_IMPLEMENTATIONS = YES;
				CLANG_WARN_DIRECT_OBJC_ISA_USAGE = YES_ERROR;
				CLANG_WARN_DOCUMENTATION_COMMENTS = YES;
				CLANG_WARN_EMPTY_BODY = YES;
				CLANG_WARN_ENUM_CONVERSION = YES;
				CLANG_WARN_INFINITE_RECURSION = YES;
				CLANG_WARN_INT_CONVERSION = YES;
				CLANG_WARN_NON_LITERAL_NULL_CONVERSION = YES;
				CLANG_WARN_OBJC_IMPLICIT_RETAIN_SELF = YES;
				CLANG_WARN_OBJC_LITERAL_CONVERSION = YES;
				CLANG_WARN_OBJC_ROOT_CLASS = YES_ERROR;
				CLANG_WARN_QUOTED_INCLUDE_IN_FRAMEWORK_HEADER = YES;
				CLANG_WARN_RANGE_LOOP_ANALYSIS = YES;
				CLANG_WARN_STRICT_PROTOTYPES = YES;
				CLANG_WARN_SUSPICIOUS_MOVE = YES;
				CLANG_WARN_UNGUARDED_AVAILABILITY = YES_AGGRESSIVE;
				CLANG_WARN_UNREACHABLE_CODE = YES;
				CLANG_WARN__DUPLICATE_METHOD_MATCH = YES;
				COPY_PHASE_STRIP = NO;
				DEBUG_INFORMATION_FORMAT = "dwarf-with-dsym";
				ENABLE_NS_ASSERTIONS = NO;
				ENABLE_STRICT_OBJC_MSGSEND = YES;
				GCC_C_LANGUAGE_STANDARD = gnu11;
				GCC_NO_COMMON_BLOCKS = YES;
				GCC_WARN_64_TO_32_BIT_CONVERSION = YES;
				GCC_WARN_ABOUT_RETURN_TYPE = YES_ERROR;
				GCC_WARN_UNDECLARED_SELECTOR = YES;
				GCC_WARN_UNINITIALIZED_AUTOS = YES_AGGRESSIVE;
				GCC_WARN_UNUSED_FUNCTION = YES;
				GCC_WARN_UNUSED_VARIABLE = YES;
				IPHONEOS_DEPLOYMENT_TARGET = 15.2;
				MTL_ENABLE_DEBUG_INFO = NO;
				MTL_FAST_MATH = YES;
				SDKROOT = iphoneos;
				SWIFT_COMPILATION_MODE = wholemodule;
				SWIFT_OPTIMIZATION_LEVEL = "-O";
				VALIDATE_PRODUCT = YES;
			};
			name = Release;
		};
		6987320E27858C9500408F0F /* Debug */ = {
			isa = XCBuildConfiguration;
			buildSettings = {
				ASSETCATALOG_COMPILER_APPICON_NAME = AppIcon;
				ASSETCATALOG_COMPILER_GLOBAL_ACCENT_COLOR_NAME = AccentColor;
				CODE_SIGN_STYLE = Automatic;
				CURRENT_PROJECT_VERSION = 1;
				GENERATE_INFOPLIST_FILE = YES;
				INFOPLIST_FILE = IOSSwiftBestPractice/Info.plist;
				INFOPLIST_KEY_UIApplicationSupportsIndirectInputEvents = YES;
				INFOPLIST_KEY_UILaunchStoryboardName = LaunchScreen;
				INFOPLIST_KEY_UISupportedInterfaceOrientations_iPad = "UIInterfaceOrientationPortrait UIInterfaceOrientationPortraitUpsideDown UIInterfaceOrientationLandscapeLeft UIInterfaceOrientationLandscapeRight";
				INFOPLIST_KEY_UISupportedInterfaceOrientations_iPhone = "UIInterfaceOrientationPortrait UIInterfaceOrientationLandscapeLeft UIInterfaceOrientationLandscapeRight";
				LD_RUNPATH_SEARCH_PATHS = (
					"$(inherited)",
					"@executable_path/Frameworks",
				);
				MARKETING_VERSION = 1.0;
				PRODUCT_BUNDLE_IDENTIFIER = chipbk10.IOSSwiftBestPractice;
				PRODUCT_NAME = "$(TARGET_NAME)";
				SWIFT_EMIT_LOC_STRINGS = YES;
				SWIFT_VERSION = 5.0;
				TARGETED_DEVICE_FAMILY = "1,2";
			};
			name = Debug;
		};
		6987320F27858C9500408F0F /* Release */ = {
			isa = XCBuildConfiguration;
			buildSettings = {
				ASSETCATALOG_COMPILER_APPICON_NAME = AppIcon;
				ASSETCATALOG_COMPILER_GLOBAL_ACCENT_COLOR_NAME = AccentColor;
				CODE_SIGN_STYLE = Automatic;
				CURRENT_PROJECT_VERSION = 1;
				GENERATE_INFOPLIST_FILE = YES;
				INFOPLIST_FILE = IOSSwiftBestPractice/Info.plist;
				INFOPLIST_KEY_UIApplicationSupportsIndirectInputEvents = YES;
				INFOPLIST_KEY_UILaunchStoryboardName = LaunchScreen;
				INFOPLIST_KEY_UISupportedInterfaceOrientations_iPad = "UIInterfaceOrientationPortrait UIInterfaceOrientationPortraitUpsideDown UIInterfaceOrientationLandscapeLeft UIInterfaceOrientationLandscapeRight";
				INFOPLIST_KEY_UISupportedInterfaceOrientations_iPhone = "UIInterfaceOrientationPortrait UIInterfaceOrientationLandscapeLeft UIInterfaceOrientationLandscapeRight";
				LD_RUNPATH_SEARCH_PATHS = (
					"$(inherited)",
					"@executable_path/Frameworks",
				);
				MARKETING_VERSION = 1.0;
				PRODUCT_BUNDLE_IDENTIFIER = chipbk10.IOSSwiftBestPractice;
				PRODUCT_NAME = "$(TARGET_NAME)";
				SWIFT_EMIT_LOC_STRINGS = YES;
				SWIFT_VERSION = 5.0;
				TARGETED_DEVICE_FAMILY = "1,2";
			};
			name = Release;
		};
		6987321127858C9500408F0F /* Debug */ = {
			isa = XCBuildConfiguration;
			buildSettings = {
				ALWAYS_EMBED_SWIFT_STANDARD_LIBRARIES = YES;
				BUNDLE_LOADER = "$(TEST_HOST)";
				CODE_SIGN_STYLE = Automatic;
				CURRENT_PROJECT_VERSION = 1;
				GENERATE_INFOPLIST_FILE = YES;
				IPHONEOS_DEPLOYMENT_TARGET = 15.2;
				MARKETING_VERSION = 1.0;
				PRODUCT_BUNDLE_IDENTIFIER = chipbk10.IOSSwiftBestPracticeTests;
				PRODUCT_NAME = "$(TARGET_NAME)";
				SWIFT_EMIT_LOC_STRINGS = NO;
				SWIFT_VERSION = 5.0;
				TARGETED_DEVICE_FAMILY = "1,2";
				TEST_HOST = "$(BUILT_PRODUCTS_DIR)/IOSSwiftBestPractice.app/IOSSwiftBestPractice";
			};
			name = Debug;
		};
		6987321227858C9500408F0F /* Release */ = {
			isa = XCBuildConfiguration;
			buildSettings = {
				ALWAYS_EMBED_SWIFT_STANDARD_LIBRARIES = YES;
				BUNDLE_LOADER = "$(TEST_HOST)";
				CODE_SIGN_STYLE = Automatic;
				CURRENT_PROJECT_VERSION = 1;
				GENERATE_INFOPLIST_FILE = YES;
				IPHONEOS_DEPLOYMENT_TARGET = 15.2;
				MARKETING_VERSION = 1.0;
				PRODUCT_BUNDLE_IDENTIFIER = chipbk10.IOSSwiftBestPracticeTests;
				PRODUCT_NAME = "$(TARGET_NAME)";
				SWIFT_EMIT_LOC_STRINGS = NO;
				SWIFT_VERSION = 5.0;
				TARGETED_DEVICE_FAMILY = "1,2";
				TEST_HOST = "$(BUILT_PRODUCTS_DIR)/IOSSwiftBestPractice.app/IOSSwiftBestPractice";
			};
			name = Release;
		};
		6987321427858C9500408F0F /* Debug */ = {
			isa = XCBuildConfiguration;
			buildSettings = {
				ALWAYS_EMBED_SWIFT_STANDARD_LIBRARIES = YES;
				CODE_SIGN_STYLE = Automatic;
				CURRENT_PROJECT_VERSION = 1;
				GENERATE_INFOPLIST_FILE = YES;
				MARKETING_VERSION = 1.0;
				PRODUCT_BUNDLE_IDENTIFIER = chipbk10.IOSSwiftBestPracticeUITests;
				PRODUCT_NAME = "$(TARGET_NAME)";
				SWIFT_EMIT_LOC_STRINGS = NO;
				SWIFT_VERSION = 5.0;
				TARGETED_DEVICE_FAMILY = "1,2";
				TEST_TARGET_NAME = IOSSwiftBestPractice;
			};
			name = Debug;
		};
		6987321527858C9500408F0F /* Release */ = {
			isa = XCBuildConfiguration;
			buildSettings = {
				ALWAYS_EMBED_SWIFT_STANDARD_LIBRARIES = YES;
				CODE_SIGN_STYLE = Automatic;
				CURRENT_PROJECT_VERSION = 1;
				GENERATE_INFOPLIST_FILE = YES;
				MARKETING_VERSION = 1.0;
				PRODUCT_BUNDLE_IDENTIFIER = chipbk10.IOSSwiftBestPracticeUITests;
				PRODUCT_NAME = "$(TARGET_NAME)";
				SWIFT_EMIT_LOC_STRINGS = NO;
				SWIFT_VERSION = 5.0;
				TARGETED_DEVICE_FAMILY = "1,2";
				TEST_TARGET_NAME = IOSSwiftBestPractice;
			};
			name = Release;
		};
/* End XCBuildConfiguration section */

/* Begin XCConfigurationList section */
		698731DE27858C9000408F0F /* Build configuration list for PBXProject "IOSSwiftBestPractice" */ = {
			isa = XCConfigurationList;
			buildConfigurations = (
				6987320B27858C9500408F0F /* Debug */,
				6987320C27858C9500408F0F /* Release */,
			);
			defaultConfigurationIsVisible = 0;
			defaultConfigurationName = Release;
		};
		6987320D27858C9500408F0F /* Build configuration list for PBXNativeTarget "IOSSwiftBestPractice" */ = {
			isa = XCConfigurationList;
			buildConfigurations = (
				6987320E27858C9500408F0F /* Debug */,
				6987320F27858C9500408F0F /* Release */,
			);
			defaultConfigurationIsVisible = 0;
			defaultConfigurationName = Release;
		};
		6987321027858C9500408F0F /* Build configuration list for PBXNativeTarget "IOSSwiftBestPracticeTests" */ = {
			isa = XCConfigurationList;
			buildConfigurations = (
				6987321127858C9500408F0F /* Debug */,
				6987321227858C9500408F0F /* Release */,
			);
			defaultConfigurationIsVisible = 0;
			defaultConfigurationName = Release;
		};
		6987321327858C9500408F0F /* Build configuration list for PBXNativeTarget "IOSSwiftBestPracticeUITests" */ = {
			isa = XCConfigurationList;
			buildConfigurations = (
				6987321427858C9500408F0F /* Debug */,
				6987321527858C9500408F0F /* Release */,
			);
			defaultConfigurationIsVisible = 0;
			defaultConfigurationName = Release;
		};
/* End XCConfigurationList section */
	};
	rootObject = 698731DB27858C9000408F0F /* Project object */;
}
